// !$*UTF8*$!
{
	archiveVersion = 1;
	classes = {
	};
	objectVersion = 50;
	objects = {

/* Begin PBXBuildFile section */
		4283EAF2217D8DEE00C34080 /* AppDelegate.swift in Sources */ = {isa = PBXBuildFile; fileRef = 4283EAF1217D8DEE00C34080 /* AppDelegate.swift */; };
		4283EAF4217D8DEE00C34080 /* ViewController.swift in Sources */ = {isa = PBXBuildFile; fileRef = 4283EAF3217D8DEE00C34080 /* ViewController.swift */; };
		4283EAF7217D8DEE00C34080 /* Main.storyboard in Resources */ = {isa = PBXBuildFile; fileRef = 4283EAF5217D8DEE00C34080 /* Main.storyboard */; };
		4283EAFA217D8DEE00C34080 /* project2.xcdatamodeld in Sources */ = {isa = PBXBuildFile; fileRef = 4283EAF8217D8DEE00C34080 /* project2.xcdatamodeld */; };
		4283EAFC217D8DF100C34080 /* Assets.xcassets in Resources */ = {isa = PBXBuildFile; fileRef = 4283EAFB217D8DF100C34080 /* Assets.xcassets */; };
		4283EAFF217D8DF100C34080 /* LaunchScreen.storyboard in Resources */ = {isa = PBXBuildFile; fileRef = 4283EAFD217D8DF100C34080 /* LaunchScreen.storyboard */; };
		4283EB0A217D8DF100C34080 /* project2Tests.swift in Sources */ = {isa = PBXBuildFile; fileRef = 4283EB09217D8DF100C34080 /* project2Tests.swift */; };
		4283EB15217D8DF100C34080 /* project2UITests.swift in Sources */ = {isa = PBXBuildFile; fileRef = 4283EB14217D8DF100C34080 /* project2UITests.swift */; };
		4283EB23217D8E5E00C34080 /* AddStudent.swift in Sources */ = {isa = PBXBuildFile; fileRef = 4283EB22217D8E5E00C34080 /* AddStudent.swift */; };
		4283EB25217D8F6600C34080 /* EditStudent.swift in Sources */ = {isa = PBXBuildFile; fileRef = 4283EB24217D8F6600C34080 /* EditStudent.swift */; };
		42DE38D62184D2DC0072BD65 /* AddExam.swift in Sources */ = {isa = PBXBuildFile; fileRef = 42DE38D52184D2DC0072BD65 /* AddExam.swift */; };
		42DE38D82184D2FA0072BD65 /* ViewExam.swift in Sources */ = {isa = PBXBuildFile; fileRef = 42DE38D72184D2FA0072BD65 /* ViewExam.swift */; };
		42DE38E82185BA8F0072BD65 /* image.jpg in Resources */ = {isa = PBXBuildFile; fileRef = 42DE38E72185BA8F0072BD65 /* image.jpg */; };
		42DE38EA2185BEDD0072BD65 /* WebController.swift in Sources */ = {isa = PBXBuildFile; fileRef = 42DE38E92185BEDD0072BD65 /* WebController.swift */; };
		42E3567F217EE89200213DA1 /* SelectStudent.swift in Sources */ = {isa = PBXBuildFile; fileRef = 42E3567E217EE89200213DA1 /* SelectStudent.swift */; };
		F5870C4D21804792002757B3 /* MapKit.framework in Frameworks */ = {isa = PBXBuildFile; fileRef = F5870C4C21804792002757B3 /* MapKit.framework */; };
		F5870C5521805F21002757B3 /* MapController.swift in Sources */ = {isa = PBXBuildFile; fileRef = F5870C5421805F21002757B3 /* MapController.swift */; };
/* End PBXBuildFile section */

/* Begin PBXContainerItemProxy section */
		4283EB06217D8DF100C34080 /* PBXContainerItemProxy */ = {
			isa = PBXContainerItemProxy;
			containerPortal = 4283EAE6217D8DEE00C34080 /* Project object */;
			proxyType = 1;
			remoteGlobalIDString = 4283EAED217D8DEE00C34080;
			remoteInfo = project2;
		};
		4283EB11217D8DF100C34080 /* PBXContainerItemProxy */ = {
			isa = PBXContainerItemProxy;
			containerPortal = 4283EAE6217D8DEE00C34080 /* Project object */;
			proxyType = 1;
			remoteGlobalIDString = 4283EAED217D8DEE00C34080;
			remoteInfo = project2;
		};
/* End PBXContainerItemProxy section */

/* Begin PBXFileReference section */
		4283EAEE217D8DEE00C34080 /* project2.app */ = {isa = PBXFileReference; explicitFileType = wrapper.application; includeInIndex = 0; path = project2.app; sourceTree = BUILT_PRODUCTS_DIR; };
		4283EAF1217D8DEE00C34080 /* AppDelegate.swift */ = {isa = PBXFileReference; lastKnownFileType = sourcecode.swift; path = AppDelegate.swift; sourceTree = "<group>"; };
		4283EAF3217D8DEE00C34080 /* ViewController.swift */ = {isa = PBXFileReference; lastKnownFileType = sourcecode.swift; path = ViewController.swift; sourceTree = "<group>"; };
		4283EAF6217D8DEE00C34080 /* Base */ = {isa = PBXFileReference; lastKnownFileType = file.storyboard; name = Base; path = Base.lproj/Main.storyboard; sourceTree = "<group>"; };
		4283EAF9217D8DEE00C34080 /* project2.xcdatamodel */ = {isa = PBXFileReference; lastKnownFileType = wrapper.xcdatamodel; path = project2.xcdatamodel; sourceTree = "<group>"; };
		4283EAFB217D8DF100C34080 /* Assets.xcassets */ = {isa = PBXFileReference; lastKnownFileType = folder.assetcatalog; path = Assets.xcassets; sourceTree = "<group>"; };
		4283EAFE217D8DF100C34080 /* Base */ = {isa = PBXFileReference; lastKnownFileType = file.storyboard; name = Base; path = Base.lproj/LaunchScreen.storyboard; sourceTree = "<group>"; };
		4283EB00217D8DF100C34080 /* Info.plist */ = {isa = PBXFileReference; lastKnownFileType = text.plist.xml; path = Info.plist; sourceTree = "<group>"; };
		4283EB05217D8DF100C34080 /* project2Tests.xctest */ = {isa = PBXFileReference; explicitFileType = wrapper.cfbundle; includeInIndex = 0; path = project2Tests.xctest; sourceTree = BUILT_PRODUCTS_DIR; };
		4283EB09217D8DF100C34080 /* project2Tests.swift */ = {isa = PBXFileReference; lastKnownFileType = sourcecode.swift; path = project2Tests.swift; sourceTree = "<group>"; };
		4283EB0B217D8DF100C34080 /* Info.plist */ = {isa = PBXFileReference; lastKnownFileType = text.plist.xml; path = Info.plist; sourceTree = "<group>"; };
		4283EB10217D8DF100C34080 /* project2UITests.xctest */ = {isa = PBXFileReference; explicitFileType = wrapper.cfbundle; includeInIndex = 0; path = project2UITests.xctest; sourceTree = BUILT_PRODUCTS_DIR; };
		4283EB14217D8DF100C34080 /* project2UITests.swift */ = {isa = PBXFileReference; lastKnownFileType = sourcecode.swift; path = project2UITests.swift; sourceTree = "<group>"; };
		4283EB16217D8DF100C34080 /* Info.plist */ = {isa = PBXFileReference; lastKnownFileType = text.plist.xml; path = Info.plist; sourceTree = "<group>"; };
		4283EB22217D8E5E00C34080 /* AddStudent.swift */ = {isa = PBXFileReference; lastKnownFileType = sourcecode.swift; path = AddStudent.swift; sourceTree = "<group>"; };
		4283EB24217D8F6600C34080 /* EditStudent.swift */ = {isa = PBXFileReference; lastKnownFileType = sourcecode.swift; path = EditStudent.swift; sourceTree = "<group>"; };
		42DE38D52184D2DC0072BD65 /* AddExam.swift */ = {isa = PBXFileReference; lastKnownFileType = sourcecode.swift; path = AddExam.swift; sourceTree = "<group>"; };
		42DE38D72184D2FA0072BD65 /* ViewExam.swift */ = {isa = PBXFileReference; lastKnownFileType = sourcecode.swift; path = ViewExam.swift; sourceTree = "<group>"; };
		42DE38E72185BA8F0072BD65 /* image.jpg */ = {isa = PBXFileReference; lastKnownFileType = image.jpeg; path = image.jpg; sourceTree = "<group>"; };
		42DE38E92185BEDD0072BD65 /* WebController.swift */ = {isa = PBXFileReference; lastKnownFileType = sourcecode.swift; path = WebController.swift; sourceTree = "<group>"; };
		42E3567E217EE89200213DA1 /* SelectStudent.swift */ = {isa = PBXFileReference; lastKnownFileType = sourcecode.swift; path = SelectStudent.swift; sourceTree = "<group>"; };
		F5870C4C21804792002757B3 /* MapKit.framework */ = {isa = PBXFileReference; lastKnownFileType = wrapper.framework; name = MapKit.framework; path = System/Library/Frameworks/MapKit.framework; sourceTree = SDKROOT; };
		F5870C5421805F21002757B3 /* MapController.swift */ = {isa = PBXFileReference; lastKnownFileType = sourcecode.swift; path = MapController.swift; sourceTree = "<group>"; };
/* End PBXFileReference section */

/* Begin PBXFrameworksBuildPhase section */
		4283EAEB217D8DEE00C34080 /* Frameworks */ = {
			isa = PBXFrameworksBuildPhase;
			buildActionMask = 2147483647;
			files = (
				F5870C4D21804792002757B3 /* MapKit.framework in Frameworks */,
			);
			runOnlyForDeploymentPostprocessing = 0;
		};
		4283EB02217D8DF100C34080 /* Frameworks */ = {
			isa = PBXFrameworksBuildPhase;
			buildActionMask = 2147483647;
			files = (
			);
			runOnlyForDeploymentPostprocessing = 0;
		};
		4283EB0D217D8DF100C34080 /* Frameworks */ = {
			isa = PBXFrameworksBuildPhase;
			buildActionMask = 2147483647;
			files = (
			);
			runOnlyForDeploymentPostprocessing = 0;
		};
/* End PBXFrameworksBuildPhase section */

/* Begin PBXGroup section */
		4283EAE5217D8DEE00C34080 = {
			isa = PBXGroup;
			children = (
				4283EAF0217D8DEE00C34080 /* project2 */,
				4283EB08217D8DF100C34080 /* project2Tests */,
				4283EB13217D8DF100C34080 /* project2UITests */,
				4283EAEF217D8DEE00C34080 /* Products */,
				F5870C4B21804792002757B3 /* Frameworks */,
			);
			sourceTree = "<group>";
		};
		4283EAEF217D8DEE00C34080 /* Products */ = {
			isa = PBXGroup;
			children = (
				4283EAEE217D8DEE00C34080 /* project2.app */,
				4283EB05217D8DF100C34080 /* project2Tests.xctest */,
				4283EB10217D8DF100C34080 /* project2UITests.xctest */,
			);
			name = Products;
			sourceTree = "<group>";
		};
		4283EAF0217D8DEE00C34080 /* project2 */ = {
			isa = PBXGroup;
			children = (
				42DE38E72185BA8F0072BD65 /* image.jpg */,
				4283EAF1217D8DEE00C34080 /* AppDelegate.swift */,
				4283EAF3217D8DEE00C34080 /* ViewController.swift */,
				4283EAF5217D8DEE00C34080 /* Main.storyboard */,
				42DE38E92185BEDD0072BD65 /* WebController.swift */,
				42DE38D52184D2DC0072BD65 /* AddExam.swift */,
				42DE38D72184D2FA0072BD65 /* ViewExam.swift */,
				F5870C5421805F21002757B3 /* MapController.swift */,
				42E3567E217EE89200213DA1 /* SelectStudent.swift */,
				4283EB24217D8F6600C34080 /* EditStudent.swift */,
				4283EB22217D8E5E00C34080 /* AddStudent.swift */,
				4283EAFB217D8DF100C34080 /* Assets.xcassets */,
				4283EAFD217D8DF100C34080 /* LaunchScreen.storyboard */,
				4283EB00217D8DF100C34080 /* Info.plist */,
				4283EAF8217D8DEE00C34080 /* project2.xcdatamodeld */,
			);
			path = project2;
			sourceTree = "<group>";
		};
		4283EB08217D8DF100C34080 /* project2Tests */ = {
			isa = PBXGroup;
			children = (
				4283EB09217D8DF100C34080 /* project2Tests.swift */,
				4283EB0B217D8DF100C34080 /* Info.plist */,
			);
			path = project2Tests;
			sourceTree = "<group>";
		};
		4283EB13217D8DF100C34080 /* project2UITests */ = {
			isa = PBXGroup;
			children = (
				4283EB14217D8DF100C34080 /* project2UITests.swift */,
				4283EB16217D8DF100C34080 /* Info.plist */,
			);
			path = project2UITests;
			sourceTree = "<group>";
		};
		F5870C4B21804792002757B3 /* Frameworks */ = {
			isa = PBXGroup;
			children = (
				F5870C4C21804792002757B3 /* MapKit.framework */,
			);
			name = Frameworks;
			sourceTree = "<group>";
		};
/* End PBXGroup section */

/* Begin PBXNativeTarget section */
		4283EAED217D8DEE00C34080 /* project2 */ = {
			isa = PBXNativeTarget;
			buildConfigurationList = 4283EB19217D8DF100C34080 /* Build configuration list for PBXNativeTarget "project2" */;
			buildPhases = (
				4283EAEA217D8DEE00C34080 /* Sources */,
				4283EAEB217D8DEE00C34080 /* Frameworks */,
				4283EAEC217D8DEE00C34080 /* Resources */,
			);
			buildRules = (
			);
			dependencies = (
			);
			name = project2;
			productName = project2;
			productReference = 4283EAEE217D8DEE00C34080 /* project2.app */;
			productType = "com.apple.product-type.application";
		};
		4283EB04217D8DF100C34080 /* project2Tests */ = {
			isa = PBXNativeTarget;
			buildConfigurationList = 4283EB1C217D8DF100C34080 /* Build configuration list for PBXNativeTarget "project2Tests" */;
			buildPhases = (
				4283EB01217D8DF100C34080 /* Sources */,
				4283EB02217D8DF100C34080 /* Frameworks */,
				4283EB03217D8DF100C34080 /* Resources */,
			);
			buildRules = (
			);
			dependencies = (
				4283EB07217D8DF100C34080 /* PBXTargetDependency */,
			);
			name = project2Tests;
			productName = project2Tests;
			productReference = 4283EB05217D8DF100C34080 /* project2Tests.xctest */;
			productType = "com.apple.product-type.bundle.unit-test";
		};
		4283EB0F217D8DF100C34080 /* project2UITests */ = {
			isa = PBXNativeTarget;
			buildConfigurationList = 4283EB1F217D8DF100C34080 /* Build configuration list for PBXNativeTarget "project2UITests" */;
			buildPhases = (
				4283EB0C217D8DF100C34080 /* Sources */,
				4283EB0D217D8DF100C34080 /* Frameworks */,
				4283EB0E217D8DF100C34080 /* Resources */,
			);
			buildRules = (
			);
			dependencies = (
				4283EB12217D8DF100C34080 /* PBXTargetDependency */,
			);
			name = project2UITests;
			productName = project2UITests;
			productReference = 4283EB10217D8DF100C34080 /* project2UITests.xctest */;
			productType = "com.apple.product-type.bundle.ui-testing";
		};
/* End PBXNativeTarget section */

/* Begin PBXProject section */
		4283EAE6217D8DEE00C34080 /* Project object */ = {
			isa = PBXProject;
			attributes = {
				LastSwiftUpdateCheck = 1000;
				LastUpgradeCheck = 1000;
				ORGANIZATIONNAME = "jina son";
				TargetAttributes = {
					4283EAED217D8DEE00C34080 = {
						CreatedOnToolsVersion = 10.0;
					};
					4283EB04217D8DF100C34080 = {
						CreatedOnToolsVersion = 10.0;
						TestTargetID = 4283EAED217D8DEE00C34080;
					};
					4283EB0F217D8DF100C34080 = {
						CreatedOnToolsVersion = 10.0;
						TestTargetID = 4283EAED217D8DEE00C34080;
					};
				};
			};
			buildConfigurationList = 4283EAE9217D8DEE00C34080 /* Build configuration list for PBXProject "project2" */;
			compatibilityVersion = "Xcode 9.3";
			developmentRegion = en;
			hasScannedForEncodings = 0;
			knownRegions = (
				en,
				Base,
			);
			mainGroup = 4283EAE5217D8DEE00C34080;
			productRefGroup = 4283EAEF217D8DEE00C34080 /* Products */;
			projectDirPath = "";
			projectRoot = "";
			targets = (
				4283EAED217D8DEE00C34080 /* project2 */,
				4283EB04217D8DF100C34080 /* project2Tests */,
				4283EB0F217D8DF100C34080 /* project2UITests */,
			);
		};
/* End PBXProject section */

/* Begin PBXResourcesBuildPhase section */
		4283EAEC217D8DEE00C34080 /* Resources */ = {
			isa = PBXResourcesBuildPhase;
			buildActionMask = 2147483647;
			files = (
				4283EAFF217D8DF100C34080 /* LaunchScreen.storyboard in Resources */,
				4283EAFC217D8DF100C34080 /* Assets.xcassets in Resources */,
				4283EAF7217D8DEE00C34080 /* Main.storyboard in Resources */,
				42DE38E82185BA8F0072BD65 /* image.jpg in Resources */,
			);
			runOnlyForDeploymentPostprocessing = 0;
		};
		4283EB03217D8DF100C34080 /* Resources */ = {
			isa = PBXResourcesBuildPhase;
			buildActionMask = 2147483647;
			files = (
			);
			runOnlyForDeploymentPostprocessing = 0;
		};
		4283EB0E217D8DF100C34080 /* Resources */ = {
			isa = PBXResourcesBuildPhase;
			buildActionMask = 2147483647;
			files = (
			);
			runOnlyForDeploymentPostprocessing = 0;
		};
/* End PBXResourcesBuildPhase section */

/* Begin PBXSourcesBuildPhase section */
		4283EAEA217D8DEE00C34080 /* Sources */ = {
			isa = PBXSourcesBuildPhase;
			buildActionMask = 2147483647;
			files = (
				4283EB25217D8F6600C34080 /* EditStudent.swift in Sources */,
				4283EAF4217D8DEE00C34080 /* ViewController.swift in Sources */,
				42DE38EA2185BEDD0072BD65 /* WebController.swift in Sources */,
				4283EAF2217D8DEE00C34080 /* AppDelegate.swift in Sources */,
				42DE38D82184D2FA0072BD65 /* ViewExam.swift in Sources */,
				4283EAFA217D8DEE00C34080 /* project2.xcdatamodeld in Sources */,
				42DE38D62184D2DC0072BD65 /* AddExam.swift in Sources */,
				4283EB23217D8E5E00C34080 /* AddStudent.swift in Sources */,
				42E3567F217EE89200213DA1 /* SelectStudent.swift in Sources */,
				F5870C5521805F21002757B3 /* MapController.swift in Sources */,
			);
			runOnlyForDeploymentPostprocessing = 0;
		};
		4283EB01217D8DF100C34080 /* Sources */ = {
			isa = PBXSourcesBuildPhase;
			buildActionMask = 2147483647;
			files = (
				4283EB0A217D8DF100C34080 /* project2Tests.swift in Sources */,
			);
			runOnlyForDeploymentPostprocessing = 0;
		};
		4283EB0C217D8DF100C34080 /* Sources */ = {
			isa = PBXSourcesBuildPhase;
			buildActionMask = 2147483647;
			files = (
				4283EB15217D8DF100C34080 /* project2UITests.swift in Sources */,
			);
			runOnlyForDeploymentPostprocessing = 0;
		};
/* End PBXSourcesBuildPhase section */

/* Begin PBXTargetDependency section */
		4283EB07217D8DF100C34080 /* PBXTargetDependency */ = {
			isa = PBXTargetDependency;
			target = 4283EAED217D8DEE00C34080 /* project2 */;
			targetProxy = 4283EB06217D8DF100C34080 /* PBXContainerItemProxy */;
		};
		4283EB12217D8DF100C34080 /* PBXTargetDependency */ = {
			isa = PBXTargetDependency;
			target = 4283EAED217D8DEE00C34080 /* project2 */;
			targetProxy = 4283EB11217D8DF100C34080 /* PBXContainerItemProxy */;
		};
/* End PBXTargetDependency section */

/* Begin PBXVariantGroup section */
		4283EAF5217D8DEE00C34080 /* Main.storyboard */ = {
			isa = PBXVariantGroup;
			children = (
				4283EAF6217D8DEE00C34080 /* Base */,
			);
			name = Main.storyboard;
			sourceTree = "<group>";
		};
		4283EAFD217D8DF100C34080 /* LaunchScreen.storyboard */ = {
			isa = PBXVariantGroup;
			children = (
				4283EAFE217D8DF100C34080 /* Base */,
			);
			name = LaunchScreen.storyboard;
			sourceTree = "<group>";
		};
/* End PBXVariantGroup section */

/* Begin XCBuildConfiguration section */
		4283EB17217D8DF100C34080 /* Debug */ = {
			isa = XCBuildConfiguration;
			buildSettings = {
				ALWAYS_SEARCH_USER_PATHS = NO;
				CLANG_ANALYZER_NONNULL = YES;
				CLANG_ANALYZER_NUMBER_OBJECT_CONVERSION = YES_AGGRESSIVE;
				CLANG_CXX_LANGUAGE_STANDARD = "gnu++14";
				CLANG_CXX_LIBRARY = "libc++";
				CLANG_ENABLE_MODULES = YES;
				CLANG_ENABLE_OBJC_ARC = YES;
				CLANG_ENABLE_OBJC_WEAK = YES;
				CLANG_WARN_BLOCK_CAPTURE_AUTORELEASING = YES;
				CLANG_WARN_BOOL_CONVERSION = YES;
				CLANG_WARN_COMMA = YES;
				CLANG_WARN_CONSTANT_CONVERSION = YES;
				CLANG_WARN_DEPRECATED_OBJC_IMPLEMENTATIONS = YES;
				CLANG_WARN_DIRECT_OBJC_ISA_USAGE = YES_ERROR;
				CLANG_WARN_DOCUMENTATION_COMMENTS = YES;
				CLANG_WARN_EMPTY_BODY = YES;
				CLANG_WARN_ENUM_CONVERSION = YES;
				CLANG_WARN_INFINITE_RECURSION = YES;
				CLANG_WARN_INT_CONVERSION = YES;
				CLANG_WARN_NON_LITERAL_NULL_CONVERSION = YES;
				CLANG_WARN_OBJC_IMPLICIT_RETAIN_SELF = YES;
				CLANG_WARN_OBJC_LITERAL_CONVERSION = YES;
				CLANG_WARN_OBJC_ROOT_CLASS = YES_ERROR;
				CLANG_WARN_RANGE_LOOP_ANALYSIS = YES;
				CLANG_WARN_STRICT_PROTOTYPES = YES;
				CLANG_WARN_SUSPICIOUS_MOVE = YES;
				CLANG_WARN_UNGUARDED_AVAILABILITY = YES_AGGRESSIVE;
				CLANG_WARN_UNREACHABLE_CODE = YES;
				CLANG_WARN__DUPLICATE_METHOD_MATCH = YES;
				CODE_SIGN_IDENTITY = "iPhone Developer";
				COPY_PHASE_STRIP = NO;
				DEBUG_INFORMATION_FORMAT = dwarf;
				ENABLE_STRICT_OBJC_MSGSEND = YES;
				ENABLE_TESTABILITY = YES;
				GCC_C_LANGUAGE_STANDARD = gnu11;
				GCC_DYNAMIC_NO_PIC = NO;
				GCC_NO_COMMON_BLOCKS = YES;
				GCC_OPTIMIZATION_LEVEL = 0;
				GCC_PREPROCESSOR_DEFINITIONS = (
					"DEBUG=1",
					"$(inherited)",
				);
				GCC_WARN_64_TO_32_BIT_CONVERSION = YES;
				GCC_WARN_ABOUT_RETURN_TYPE = YES_ERROR;
				GCC_WARN_UNDECLARED_SELECTOR = YES;
				GCC_WARN_UNINITIALIZED_AUTOS = YES_AGGRESSIVE;
				GCC_WARN_UNUSED_FUNCTION = YES;
				GCC_WARN_UNUSED_VARIABLE = YES;
				IPHONEOS_DEPLOYMENT_TARGET = 12.0;
				MTL_ENABLE_DEBUG_INFO = INCLUDE_SOURCE;
				MTL_FAST_MATH = YES;
				ONLY_ACTIVE_ARCH = YES;
				SDKROOT = iphoneos;
				SWIFT_ACTIVE_COMPILATION_CONDITIONS = DEBUG;
				SWIFT_OPTIMIZATION_LEVEL = "-Onone";
			};
			name = Debug;
		};
		4283EB18217D8DF100C34080 /* Release */ = {
			isa = XCBuildConfiguration;
			buildSettings = {
				ALWAYS_SEARCH_USER_PATHS = NO;
				CLANG_ANALYZER_NONNULL = YES;
				CLANG_ANALYZER_NUMBER_OBJECT_CONVERSION = YES_AGGRESSIVE;
				CLANG_CXX_LANGUAGE_STANDARD = "gnu++14";
				CLANG_CXX_LIBRARY = "libc++";
				CLANG_ENABLE_MODULES = YES;
				CLANG_ENABLE_OBJC_ARC = YES;
				CLANG_ENABLE_OBJC_WEAK = YES;
				CLANG_WARN_BLOCK_CAPTURE_AUTORELEASING = YES;
				CLANG_WARN_BOOL_CONVERSION = YES;
				CLANG_WARN_COMMA = YES;
				CLANG_WARN_CONSTANT_CONVERSION = YES;
				CLANG_WARN_DEPRECATED_OBJC_IMPLEMENTATIONS = YES;
				CLANG_WARN_DIRECT_OBJC_ISA_USAGE = YES_ERROR;
				CLANG_WARN_DOCUMENTATION_COMMENTS = YES;
				CLANG_WARN_EMPTY_BODY = YES;
				CLANG_WARN_ENUM_CONVERSION = YES;
				CLANG_WARN_INFINITE_RECURSION = YES;
				CLANG_WARN_INT_CONVERSION = YES;
				CLANG_WARN_NON_LITERAL_NULL_CONVERSION = YES;
				CLANG_WARN_OBJC_IMPLICIT_RETAIN_SELF = YES;
				CLANG_WARN_OBJC_LITERAL_CONVERSION = YES;
				CLANG_WARN_OBJC_ROOT_CLASS = YES_ERROR;
				CLANG_WARN_RANGE_LOOP_ANALYSIS = YES;
				CLANG_WARN_STRICT_PROTOTYPES = YES;
				CLANG_WARN_SUSPICIOUS_MOVE = YES;
				CLANG_WARN_UNGUARDED_AVAILABILITY = YES_AGGRESSIVE;
				CLANG_WARN_UNREACHABLE_CODE = YES;
				CLANG_WARN__DUPLICATE_METHOD_MATCH = YES;
				CODE_SIGN_IDENTITY = "iPhone Developer";
				COPY_PHASE_STRIP = NO;
				DEBUG_INFORMATION_FORMAT = "dwarf-with-dsym";
				ENABLE_NS_ASSERTIONS = NO;
				ENABLE_STRICT_OBJC_MSGSEND = YES;
				GCC_C_LANGUAGE_STANDARD = gnu11;
				GCC_NO_COMMON_BLOCKS = YES;
				GCC_WARN_64_TO_32_BIT_CONVERSION = YES;
				GCC_WARN_ABOUT_RETURN_TYPE = YES_ERROR;
				GCC_WARN_UNDECLARED_SELECTOR = YES;
				GCC_WARN_UNINITIALIZED_AUTOS = YES_AGGRESSIVE;
				GCC_WARN_UNUSED_FUNCTION = YES;
				GCC_WARN_UNUSED_VARIABLE = YES;
				IPHONEOS_DEPLOYMENT_TARGET = 12.0;
				MTL_ENABLE_DEBUG_INFO = NO;
				MTL_FAST_MATH = YES;
				SDKROOT = iphoneos;
				SWIFT_COMPILATION_MODE = wholemodule;
				SWIFT_OPTIMIZATION_LEVEL = "-O";
				VALIDATE_PRODUCT = YES;
			};
			name = Release;
		};
		4283EB1A217D8DF100C34080 /* Debug */ = {
			isa = XCBuildConfiguration;
			buildSettings = {
				ASSETCATALOG_COMPILER_APPICON_NAME = AppIcon;
				CODE_SIGN_STYLE = Automatic;
				INFOPLIST_FILE = project2/Info.plist;
				IPHONEOS_DEPLOYMENT_TARGET = 11.4;
				LD_RUNPATH_SEARCH_PATHS = (
					"$(inherited)",
					"@executable_path/Frameworks",
				);
				PRODUCT_BUNDLE_IDENTIFIER = com.jinason.project2;
				PRODUCT_NAME = "$(TARGET_NAME)";
				SWIFT_VERSION = 4.2;
				TARGETED_DEVICE_FAMILY = "1,2";
			};
			name = Debug;
		};
		4283EB1B217D8DF100C34080 /* Release */ = {
			isa = XCBuildConfiguration;
			buildSettings = {
				ASSETCATALOG_COMPILER_APPICON_NAME = AppIcon;
				CODE_SIGN_STYLE = Automatic;
				INFOPLIST_FILE = project2/Info.plist;
				IPHONEOS_DEPLOYMENT_TARGET = 11.4;
				LD_RUNPATH_SEARCH_PATHS = (
					"$(inherited)",
					"@executable_path/Frameworks",
				);
				PRODUCT_BUNDLE_IDENTIFIER = com.jinason.project2;
				PRODUCT_NAME = "$(TARGET_NAME)";
				SWIFT_VERSION = 4.2;
				TARGETED_DEVICE_FAMILY = "1,2";
			};
			name = Release;
		};
		4283EB1D217D8DF100C34080 /* Debug */ = {
			isa = XCBuildConfiguration;
			buildSettings = {
				ALWAYS_EMBED_SWIFT_STANDARD_LIBRARIES = YES;
				BUNDLE_LOADER = "$(TEST_HOST)";
				CODE_SIGN_STYLE = Automatic;
				INFOPLIST_FILE = project2Tests/Info.plist;
				LD_RUNPATH_SEARCH_PATHS = (
					"$(inherited)",
					"@executable_path/Frameworks",
					"@loader_path/Frameworks",
				);
				PRODUCT_BUNDLE_IDENTIFIER = com.jinason.project2Tests;
				PRODUCT_NAME = "$(TARGET_NAME)";
				SWIFT_VERSION = 4.2;
				TARGETED_DEVICE_FAMILY = "1,2";
				TEST_HOST = "$(BUILT_PRODUCTS_DIR)/project2.app/project2";
			};
			name = Debug;
		};
		4283EB1E217D8DF100C34080 /* Release */ = {
			isa = XCBuildConfiguration;
			buildSettings = {
				ALWAYS_EMBED_SWIFT_STANDARD_LIBRARIES = YES;
				BUNDLE_LOADER = "$(TEST_HOST)";
				CODE_SIGN_STYLE = Automatic;
				INFOPLIST_FILE = project2Tests/Info.plist;
				LD_RUNPATH_SEARCH_PATHS = (
					"$(inherited)",
					"@executable_path/Frameworks",
					"@loader_path/Frameworks",
				);
				PRODUCT_BUNDLE_IDENTIFIER = com.jinason.project2Tests;
				PRODUCT_NAME = "$(TARGET_NAME)";
				SWIFT_VERSION = 4.2;
				TARGETED_DEVICE_FAMILY = "1,2";
				TEST_HOST = "$(BUILT_PRODUCTS_DIR)/project2.app/project2";
			};
			name = Release;
		};
		4283EB20217D8DF100C34080 /* Debug */ = {
			isa = XCBuildConfiguration;
			buildSettings = {
				ALWAYS_EMBED_SWIFT_STANDARD_LIBRARIES = YES;
				CODE_SIGN_STYLE = Automatic;
				INFOPLIST_FILE = project2UITests/Info.plist;
				LD_RUNPATH_SEARCH_PATHS = (
					"$(inherited)",
					"@executable_path/Frameworks",
					"@loader_path/Frameworks",
				);
				PRODUCT_BUNDLE_IDENTIFIER = com.jinason.project2UITests;
				PRODUCT_NAME = "$(TARGET_NAME)";
				SWIFT_VERSION = 4.2;
				TARGETED_DEVICE_FAMILY = "1,2";
				TEST_TARGET_NAME = project2;
			};
			name = Debug;
		};
		4283EB21217D8DF100C34080 /* Release */ = {
			isa = XCBuildConfiguration;
			buildSettings = {
				ALWAYS_EMBED_SWIFT_STANDARD_LIBRARIES = YES;
				CODE_SIGN_STYLE = Automatic;
				INFOPLIST_FILE = project2UITests/Info.plist;
				LD_RUNPATH_SEARCH_PATHS = (
					"$(inherited)",
					"@executable_path/Frameworks",
					"@loader_path/Frameworks",
				);
				PRODUCT_BUNDLE_IDENTIFIER = com.jinason.project2UITests;
				PRODUCT_NAME = "$(TARGET_NAME)";
				SWIFT_VERSION = 4.2;
				TARGETED_DEVICE_FAMILY = "1,2";
				TEST_TARGET_NAME = project2;
			};
			name = Release;
		};
/* End XCBuildConfiguration section */

/* Begin XCConfigurationList section */
		4283EAE9217D8DEE00C34080 /* Build configuration list for PBXProject "project2" */ = {
			isa = XCConfigurationList;
			buildConfigurations = (
				4283EB17217D8DF100C34080 /* Debug */,
				4283EB18217D8DF100C34080 /* Release */,
			);
			defaultConfigurationIsVisible = 0;
			defaultConfigurationName = Release;
		};
		4283EB19217D8DF100C34080 /* Build configuration list for PBXNativeTarget "project2" */ = {
			isa = XCConfigurationList;
			buildConfigurations = (
				4283EB1A217D8DF100C34080 /* Debug */,
				4283EB1B217D8DF100C34080 /* Release */,
			);
			defaultConfigurationIsVisible = 0;
			defaultConfigurationName = Release;
		};
		4283EB1C217D8DF100C34080 /* Build configuration list for PBXNativeTarget "project2Tests" */ = {
			isa = XCConfigurationList;
			buildConfigurations = (
				4283EB1D217D8DF100C34080 /* Debug */,
				4283EB1E217D8DF100C34080 /* Release */,
			);
			defaultConfigurationIsVisible = 0;
			defaultConfigurationName = Release;
		};
		4283EB1F217D8DF100C34080 /* Build configuration list for PBXNativeTarget "project2UITests" */ = {
			isa = XCConfigurationList;
			buildConfigurations = (
				4283EB20217D8DF100C34080 /* Debug */,
				4283EB21217D8DF100C34080 /* Release */,
			);
			defaultConfigurationIsVisible = 0;
			defaultConfigurationName = Release;
		};
/* End XCConfigurationList section */

/* Begin XCVersionGroup section */
		4283EAF8217D8DEE00C34080 /* project2.xcdatamodeld */ = {
			isa = XCVersionGroup;
			children = (
				4283EAF9217D8DEE00C34080 /* project2.xcdatamodel */,
			);
			currentVersion = 4283EAF9217D8DEE00C34080 /* project2.xcdatamodel */;
			path = project2.xcdatamodeld;
			sourceTree = "<group>";
			versionGroupType = wrapper.xcdatamodel;
		};
/* End XCVersionGroup section */
	};
	rootObject = 4283EAE6217D8DEE00C34080 /* Project object */;
}
